{
    "_meta": {
        "hash": {
            "sha256": "b4401c1657366dbc9e83201a858b001d45abe9aa2a93c34aee257929a82d7004"
        },
        "pipfile-spec": 6,
        "requires": {
            "python_version": "3.11"
        },
        "sources": [
            {
                "name": "pypi",
                "url": "https://pypi.org/simple",
                "verify_ssl": true
            }
        ]
    },
    "default": {},
    "develop": {}
}
